{
  "version": 4,
  "terraform_version": "1.14.0",
  "serial": 15,
  "lineage": "cb7dcd97-0b31-66be-f27c-68daddf920d3",
  "outputs": {
    "instance_public_ip": {
      "value": "140.245.208.238",
      "type": "string"
    }
  },
  "resources": [
    {
      "mode": "data",
      "type": "oci_core_images",
      "name": "oracle_linux",
      "provider": "provider[\"registry.terraform.io/hashicorp/oci\"]",
      "instances": [
        {
          "schema_version": 0,
          "attributes": {
            "compartment_id": "ocid1.compartment.oc1..aaaaaaaah3vj2yxiuehgt4ewmbhj7mqq5p2x3qovlvc2xiadgojmg2d6l5aa",
            "display_name": null,
            "filter": null,
            "id": "CoreImagesDataSource-1587491966",
            "images": [
              {
                "agent_features": [],
                "base_image_id": "",
                "billable_size_in_gbs": "6",
                "compartment_id": "",
                "create_image_allowed": true,
                "defined_tags": {},
                "display_name": "Oracle-Linux-8.10-2025.10.23-0",
                "freeform_tags": {},
                "id": "ocid1.image.oc1.ap-hyderabad-1.aaaaaaaapc255srhs345bdfvjuwutjb55nc4b6bcjtnvglxpupjkbq2uxqpa",
                "image_source_details": [],
                "instance_id": "",
                "launch_mode": "NATIVE",
                "launch_options": [
                  {
                    "boot_volume_type": "PARAVIRTUALIZED",
                    "firmware": "UEFI_64",
                    "is_consistent_volume_naming_enabled": true,
                    "is_pv_encryption_in_transit_enabled": true,
                    "network_type": "PARAVIRTUALIZED",
                    "remote_data_volume_type": "PARAVIRTUALIZED"
                  }
                ],
                "listing_type": "",
                "operating_system": "Oracle Linux",
                "operating_system_version": "8",
                "size_in_mbs": "47719",
                "state": "AVAILABLE",
                "time_created": "2025-11-10 05:53:06.443 +0000 UTC"
              },
              {
                "agent_features": [],
                "base_image_id": "",
                "billable_size_in_gbs": "6",
                "compartment_id": "",
                "create_image_allowed": true,
                "defined_tags": {},
                "display_name": "Oracle-Linux-8.10-2025.09.16-0",
                "freeform_tags": {},
                "id": "ocid1.image.oc1.ap-hyderabad-1.aaaaaaaagxjc7cxamrusqi2nil62qecif753ugxrvifp6iru4gf2k4rp76aa",
                "image_source_details": [],
                "instance_id": "",
                "launch_mode": "NATIVE",
                "launch_options": [
                  {
                    "boot_volume_type": "PARAVIRTUALIZED",
                    "firmware": "UEFI_64",
                    "is_consistent_volume_naming_enabled": true,
                    "is_pv_encryption_in_transit_enabled": true,
                    "network_type": "PARAVIRTUALIZED",
                    "remote_data_volume_type": "PARAVIRTUALIZED"
                  }
                ],
                "listing_type": "",
                "operating_system": "Oracle Linux",
                "operating_system_version": "8",
                "size_in_mbs": "47719",
                "state": "AVAILABLE",
                "time_created": "2025-09-24 04:09:48.925 +0000 UTC"
              },
              {
                "agent_features": [],
                "base_image_id": "",
                "billable_size_in_gbs": "6",
                "compartment_id": "",
                "create_image_allowed": true,
                "defined_tags": {},
                "display_name": "Oracle-Linux-8.10-2025.08.31-0",
                "freeform_tags": {},
                "id": "ocid1.image.oc1.ap-hyderabad-1.aaaaaaaajijwmtfvr2q45edd66zs4ryrgxcttjcfhzu4teoh3gmkttlmjezq",
                "image_source_details": [],
                "instance_id": "",
                "launch_mode": "NATIVE",
                "launch_options": [
                  {
                    "boot_volume_type": "PARAVIRTUALIZED",
                    "firmware": "UEFI_64",
                    "is_consistent_volume_naming_enabled": true,
                    "is_pv_encryption_in_transit_enabled": true,
                    "network_type": "PARAVIRTUALIZED",
                    "remote_data_volume_type": "PARAVIRTUALIZED"
                  }
                ],
                "listing_type": "",
                "operating_system": "Oracle Linux",
                "operating_system_version": "8",
                "size_in_mbs": "47719",
                "state": "AVAILABLE",
                "time_created": "2025-09-03 04:03:57.571 +0000 UTC"
              }
            ],
            "operating_system": "Oracle Linux",
            "operating_system_version": "8",
            "shape": "VM.Standard.E2.1.Micro",
            "sort_by": null,
            "sort_order": null,
            "state": null
          },
          "sensitive_attributes": [],
          "identity_schema_version": 0
        }
      ]
    },
    {
      "mode": "data",
      "type": "oci_identity_availability_domains",
      "name": "ads",
      "provider": "provider[\"registry.terraform.io/hashicorp/oci\"]",
      "instances": [
        {
          "schema_version": 0,
          "attributes": {
            "availability_domains": [
              {
                "compartment_id": "ocid1.tenancy.oc1..aaaaaaaaztjcu7ullfmozcfqr4ir5xiqwk7hpiagzo4vbknezkbtv6ms63wq",
                "id": "ocid1.availabilitydomain.oc1..aaaaaaaaudalteydacaoxnhwwi3nguelck32h66itn6wztq4akomwt7cxmzq",
                "name": "MOoA:AP-HYDERABAD-1-AD-1"
              }
            ],
            "compartment_id": "ocid1.tenancy.oc1..aaaaaaaaztjcu7ullfmozcfqr4ir5xiqwk7hpiagzo4vbknezkbtv6ms63wq",
            "filter": null,
            "id": "IdentityAvailabilityDomainsDataSource-693362110"
          },
          "sensitive_attributes": [],
          "identity_schema_version": 0
        }
      ]
    },
    {
      "mode": "managed",
      "type": "oci_core_instance",
      "name": "web_instance",
      "provider": "provider[\"registry.terraform.io/hashicorp/oci\"]",
      "instances": [
        {
          "schema_version": 0,
          "attributes": {
            "agent_config": [
              {
                "are_all_plugins_disabled": false,
                "is_management_disabled": false,
                "is_monitoring_disabled": false,
                "plugins_config": []
              }
            ],
            "async": null,
            "availability_config": [
              {
                "is_live_migration_preferred": false,
                "recovery_action": "RESTORE_INSTANCE"
              }
            ],
            "availability_domain": "MOoA:AP-HYDERABAD-1-AD-1",
            "boot_volume_id": "ocid1.bootvolume.oc1.ap-hyderabad-1.abuhsljrhco7mslt3qeqgy5d5sytaxla34sqx5ysvoogrtpciwkq3iufdltq",
            "capacity_reservation_id": null,
            "cluster_placement_group_id": null,
            "compartment_id": "ocid1.compartment.oc1..aaaaaaaah3vj2yxiuehgt4ewmbhj7mqq5p2x3qovlvc2xiadgojmg2d6l5aa",
            "compute_cluster_id": null,
            "create_vnic_details": [
              {
                "assign_ipv6ip": false,
                "assign_private_dns_record": false,
                "assign_public_ip": "true",
                "defined_tags": {
                  "Oracle-Tags.CreatedBy": "default/murugaraj@msn.com",
                  "Oracle-Tags.CreatedOn": "2025-12-04T05:58:14.800Z"
                },
                "display_name": "webserver-instance",
                "freeform_tags": {},
                "hostname_label": "",
                "ipv6address_ipv6subnet_cidr_pair_details": [],
                "nsg_ids": [],
                "private_ip": "10.0.1.8",
                "security_attributes": {},
                "skip_source_dest_check": false,
                "subnet_cidr": "",
                "subnet_id": "ocid1.subnet.oc1.ap-hyderabad-1.aaaaaaaa5ebfkhc7fguj33lprowjm24rpdz3ubqobj5l5jz7tinxxkgwwkbq",
                "vlan_id": ""
              }
            ],
            "dedicated_vm_host_id": null,
            "defined_tags": {
              "Oracle-Tags.CreatedBy": "default/murugaraj@msn.com",
              "Oracle-Tags.CreatedOn": "2025-12-04T05:58:14.693Z"
            },
            "display_name": "webserver-instance",
            "extended_metadata": {},
            "fault_domain": "FAULT-DOMAIN-3",
            "freeform_tags": {},
            "hostname_label": "",
            "id": "ocid1.instance.oc1.ap-hyderabad-1.anuhsljr2ncn2iycflpum27agpzxvw6swjp362iqy2m3ry6cetriio5rnkrq",
            "image": "ocid1.image.oc1.ap-hyderabad-1.aaaaaaaapc255srhs345bdfvjuwutjb55nc4b6bcjtnvglxpupjkbq2uxqpa",
            "instance_configuration_id": null,
            "instance_options": [
              {
                "are_legacy_imds_endpoints_disabled": false
              }
            ],
            "ipxe_script": null,
            "is_ai_enterprise_enabled": null,
            "is_cross_numa_node": false,
            "is_pv_encryption_in_transit_enabled": null,
            "launch_mode": "PARAVIRTUALIZED",
            "launch_options": [
              {
                "boot_volume_type": "PARAVIRTUALIZED",
                "firmware": "UEFI_64",
                "is_consistent_volume_naming_enabled": true,
                "is_pv_encryption_in_transit_enabled": false,
                "network_type": "PARAVIRTUALIZED",
                "remote_data_volume_type": "PARAVIRTUALIZED"
              }
            ],
            "launch_volume_attachments": null,
            "licensing_configs": [],
            "metadata": {
              "ssh_authorized_keys": "ssh-rsa AAAAB3NzaC1yc2EAAAADAQABAAABAQCsIXLpMlXX56hMxek0BJAMmFii8o8feQxZtRy0AmGeWqYd7Uqwo0EkcENY/4fFWOeZc33l/L2X0EJqKZVRQIJNeY6C6nT5AMtEPle/BKgcJawNfw8Qz2NdMFtOF+PwB0w1+mBHuLxq7HeMrc1vQwvFhjQT2s/VxfNnfafsRvt6ABC+HXQO6kmkJH0NBkGwabgQ9k2sEdcj5qELwvcgw1917wB3qAJplqxB6i5ejBpajL3rfi5UKBWzIFZIoX23CYq3z0kVWf/rdma9eHUCntX0dnTa6EHS1gVULRbndhPsjOTPRJt3q7iHBoJcXLy5WXwtVeFeXBc8O0yv61BlbLn9 oci_key_pair\r\n",
              "user_data": "IyEvYmluL2Jhc2gNCnl1bSBpbnN0YWxsIC15IGh0dHBkDQpzeXN0ZW1jdGwgZW5hYmxlIGh0dHBkDQpzeXN0ZW1jdGwgc3RhcnQgaHR0cGQNCmVjaG8gIjxoMT5IZWxsbyBmcm9tIE9DSSBXZWJzZXJ2ZXI8L2gxPiIgPiAvdmFyL3d3dy9odG1sL2luZGV4Lmh0bWwNCg=="
            },
            "placement_constraint_details": [],
            "platform_config": [],
            "preemptible_instance_config": [],
            "preserve_boot_volume": null,
            "preserve_data_volumes_created_at_launch": null,
            "private_ip": "10.0.1.8",
            "public_ip": "140.245.208.238",
            "region": "ap-hyderabad-1",
            "security_attributes": {},
            "security_attributes_state": "STABLE",
            "shape": "VM.Standard.E2.1.Micro",
            "shape_config": [
              {
                "baseline_ocpu_utilization": "",
                "gpu_description": "",
                "gpus": 0,
                "local_disk_description": "",
                "local_disks": 0,
                "local_disks_total_size_in_gbs": 0,
                "max_vnic_attachments": 1,
                "memory_in_gbs": 1,
                "networking_bandwidth_in_gbps": 0.47999998927116394,
                "nvmes": 0,
                "ocpus": 1,
                "processor_description": "2.0 GHz AMD EPYC™ 7551 (Naples)",
                "resource_management": "",
                "vcpus": 2
              }
            ],
            "source_details": [
              {
                "boot_volume_size_in_gbs": "47",
                "boot_volume_vpus_per_gb": "10",
                "instance_source_image_filter_details": [],
                "is_preserve_boot_volume_enabled": false,
                "kms_key_id": "",
                "source_id": "ocid1.image.oc1.ap-hyderabad-1.aaaaaaaapc255srhs345bdfvjuwutjb55nc4b6bcjtnvglxpupjkbq2uxqpa",
                "source_type": "image"
              }
            ],
            "state": "RUNNING",
            "subnet_id": "ocid1.subnet.oc1.ap-hyderabad-1.aaaaaaaa5ebfkhc7fguj33lprowjm24rpdz3ubqobj5l5jz7tinxxkgwwkbq",
            "system_tags": {
              "orcl-cloud.free-tier-retained": "true"
            },
            "time_created": "2025-12-04 05:58:15.185 +0000 UTC",
            "time_maintenance_reboot_due": "",
            "timeouts": null,
            "update_operation_constraint": null
          },
          "sensitive_attributes": [],
          "identity_schema_version": 0,
          "private": "eyJlMmJmYjczMC1lY2FhLTExZTYtOGY4OC0zNDM2M2JjN2M0YzAiOnsiY3JlYXRlIjoyNzAwMDAwMDAwMDAwLCJkZWxldGUiOjQ1MDAwMDAwMDAwMDAsInVwZGF0ZSI6MjcwMDAwMDAwMDAwMH19",
          "dependencies": [
            "data.oci_core_images.oracle_linux",
            "data.oci_identity_availability_domains.ads",
            "oci_core_internet_gateway.my_igw",
            "oci_core_route_table.my_rt",
            "oci_core_subnet.my_subnet",
            "oci_core_vcn.my_vcn"
          ]
        }
      ]
    },
    {
      "mode": "managed",
      "type": "oci_core_internet_gateway",
      "name": "my_igw",
      "provider": "provider[\"registry.terraform.io/hashicorp/oci\"]",
      "instances": [
        {
          "schema_version": 0,
          "attributes": {
            "compartment_id": "ocid1.compartment.oc1..aaaaaaaah3vj2yxiuehgt4ewmbhj7mqq5p2x3qovlvc2xiadgojmg2d6l5aa",
            "defined_tags": {
              "Oracle-Tags.CreatedBy": "default/murugaraj@msn.com",
              "Oracle-Tags.CreatedOn": "2025-12-03T16:10:26.667Z"
            },
            "display_name": "my-internet-gateway",
            "enabled": true,
            "freeform_tags": {},
            "id": "ocid1.internetgateway.oc1.ap-hyderabad-1.aaaaaaaarkrchxcpafjqtz72cnm4opfx6hejutbufqdk7yyvautldi4scvlq",
            "route_table_id": null,
            "state": "AVAILABLE",
            "time_created": "2025-12-03 16:10:26.697 +0000 UTC",
            "timeouts": null,
            "vcn_id": "ocid1.vcn.oc1.ap-hyderabad-1.amaaaaaa2ncn2iya53yqewwhafaydhfzqexfd2yvwwaimb63ozia4fjwg3yq"
          },
          "sensitive_attributes": [],
          "identity_schema_version": 0,
          "private": "eyJlMmJmYjczMC1lY2FhLTExZTYtOGY4OC0zNDM2M2JjN2M0YzAiOnsiY3JlYXRlIjoxMjAwMDAwMDAwMDAwLCJkZWxldGUiOjEyMDAwMDAwMDAwMDAsInVwZGF0ZSI6MTIwMDAwMDAwMDAwMH19",
          "dependencies": [
            "oci_core_vcn.my_vcn"
          ]
        }
      ]
    },
    {
      "mode": "managed",
      "type": "oci_core_route_table",
      "name": "my_rt",
      "provider": "provider[\"registry.terraform.io/hashicorp/oci\"]",
      "instances": [
        {
          "schema_version": 0,
          "attributes": {
            "compartment_id": "ocid1.compartment.oc1..aaaaaaaah3vj2yxiuehgt4ewmbhj7mqq5p2x3qovlvc2xiadgojmg2d6l5aa",
            "defined_tags": {
              "Oracle-Tags.CreatedBy": "default/murugaraj@msn.com",
              "Oracle-Tags.CreatedOn": "2025-12-03T16:10:27.201Z"
            },
            "display_name": "my-route-table",
            "freeform_tags": {},
            "id": "ocid1.routetable.oc1.ap-hyderabad-1.aaaaaaaapxcvvf4bmrhr75xjvf5fgrcsq3kyduijuh7hb7vu43fn6yxmhktq",
            "route_rules": [
              {
                "cidr_block": "",
                "description": "",
                "destination": "0.0.0.0/0",
                "destination_type": "CIDR_BLOCK",
                "network_entity_id": "ocid1.internetgateway.oc1.ap-hyderabad-1.aaaaaaaarkrchxcpafjqtz72cnm4opfx6hejutbufqdk7yyvautldi4scvlq",
                "route_type": "STATIC"
              }
            ],
            "state": "AVAILABLE",
            "time_created": "2025-12-03 16:10:27.224 +0000 UTC",
            "timeouts": null,
            "vcn_id": "ocid1.vcn.oc1.ap-hyderabad-1.amaaaaaa2ncn2iya53yqewwhafaydhfzqexfd2yvwwaimb63ozia4fjwg3yq"
          },
          "sensitive_attributes": [],
          "identity_schema_version": 0,
          "private": "eyJlMmJmYjczMC1lY2FhLTExZTYtOGY4OC0zNDM2M2JjN2M0YzAiOnsiY3JlYXRlIjoxMjAwMDAwMDAwMDAwLCJkZWxldGUiOjEyMDAwMDAwMDAwMDAsInVwZGF0ZSI6MTIwMDAwMDAwMDAwMH19",
          "dependencies": [
            "oci_core_internet_gateway.my_igw",
            "oci_core_vcn.my_vcn"
          ]
        }
      ]
    },
    {
      "mode": "managed",
      "type": "oci_core_subnet",
      "name": "my_subnet",
      "provider": "provider[\"registry.terraform.io/hashicorp/oci\"]",
      "instances": [
        {
          "schema_version": 0,
          "attributes": {
            "availability_domain": null,
            "cidr_block": "10.0.1.0/24",
            "compartment_id": "ocid1.compartment.oc1..aaaaaaaah3vj2yxiuehgt4ewmbhj7mqq5p2x3qovlvc2xiadgojmg2d6l5aa",
            "defined_tags": {
              "Oracle-Tags.CreatedBy": "default/murugaraj@msn.com",
              "Oracle-Tags.CreatedOn": "2025-12-03T16:10:27.622Z"
            },
            "dhcp_options_id": "ocid1.dhcpoptions.oc1.ap-hyderabad-1.aaaaaaaazk66zyl7u5hdqecfqqlwr4cfpipxkgjae7e7c6rialfm7kd3k3ja",
            "display_name": "my-subnet",
            "dns_label": null,
            "freeform_tags": {},
            "id": "ocid1.subnet.oc1.ap-hyderabad-1.aaaaaaaa5ebfkhc7fguj33lprowjm24rpdz3ubqobj5l5jz7tinxxkgwwkbq",
            "ipv4cidr_blocks": [
              "10.0.1.0/24"
            ],
            "ipv6cidr_block": null,
            "ipv6cidr_blocks": [],
            "ipv6virtual_router_ip": null,
            "prohibit_internet_ingress": false,
            "prohibit_public_ip_on_vnic": false,
            "route_table_id": "ocid1.routetable.oc1.ap-hyderabad-1.aaaaaaaapxcvvf4bmrhr75xjvf5fgrcsq3kyduijuh7hb7vu43fn6yxmhktq",
            "security_list_ids": [
              "ocid1.securitylist.oc1.ap-hyderabad-1.aaaaaaaasc7ox5tmoq6mpaxj7qdve4md4mxgnbw3typvhl6qem6qpfzo72qa"
            ],
            "state": "AVAILABLE",
            "subnet_domain_name": null,
            "time_created": "2025-12-03 16:10:27.651 +0000 UTC",
            "timeouts": null,
            "vcn_id": "ocid1.vcn.oc1.ap-hyderabad-1.amaaaaaa2ncn2iya53yqewwhafaydhfzqexfd2yvwwaimb63ozia4fjwg3yq",
            "virtual_router_ip": "10.0.1.1",
            "virtual_router_mac": "00:00:17:AD:93:B1"
          },
          "sensitive_attributes": [],
          "identity_schema_version": 0,
          "private": "eyJlMmJmYjczMC1lY2FhLTExZTYtOGY4OC0zNDM2M2JjN2M0YzAiOnsiY3JlYXRlIjoxMjAwMDAwMDAwMDAwLCJkZWxldGUiOjEyMDAwMDAwMDAwMDAsInVwZGF0ZSI6MTIwMDAwMDAwMDAwMH19",
          "dependencies": [
            "oci_core_internet_gateway.my_igw",
            "oci_core_route_table.my_rt",
            "oci_core_vcn.my_vcn"
          ]
        }
      ]
    },
    {
      "mode": "managed",
      "type": "oci_core_vcn",
      "name": "my_vcn",
      "provider": "provider[\"registry.terraform.io/hashicorp/oci\"]",
      "instances": [
        {
          "schema_version": 0,
          "attributes": {
            "byoipv6cidr_blocks": [],
            "byoipv6cidr_details": [],
            "cidr_block": "10.0.0.0/16",
            "cidr_blocks": [
              "10.0.0.0/16"
            ],
            "compartment_id": "ocid1.compartment.oc1..aaaaaaaah3vj2yxiuehgt4ewmbhj7mqq5p2x3qovlvc2xiadgojmg2d6l5aa",
            "default_dhcp_options_id": "ocid1.dhcpoptions.oc1.ap-hyderabad-1.aaaaaaaazk66zyl7u5hdqecfqqlwr4cfpipxkgjae7e7c6rialfm7kd3k3ja",
            "default_route_table_id": "ocid1.routetable.oc1.ap-hyderabad-1.aaaaaaaazw6edstnbzhdbyhlz6inc5mhyghwvmljncb7hoycs4q2dxfq4vxq",
            "default_security_list_id": "ocid1.securitylist.oc1.ap-hyderabad-1.aaaaaaaasc7ox5tmoq6mpaxj7qdve4md4mxgnbw3typvhl6qem6qpfzo72qa",
            "defined_tags": {
              "Oracle-Tags.CreatedBy": "default/murugaraj@msn.com",
              "Oracle-Tags.CreatedOn": "2025-12-03T16:10:26.053Z"
            },
            "display_name": "my-vcn",
            "dns_label": null,
            "freeform_tags": {},
            "id": "ocid1.vcn.oc1.ap-hyderabad-1.amaaaaaa2ncn2iya53yqewwhafaydhfzqexfd2yvwwaimb63ozia4fjwg3yq",
            "ipv6cidr_blocks": [],
            "ipv6private_cidr_blocks": [],
            "is_ipv6enabled": false,
            "is_oracle_gua_allocation_enabled": null,
            "security_attributes": {},
            "state": "AVAILABLE",
            "time_created": "2025-12-03 16:10:26.125 +0000 UTC",
            "timeouts": null,
            "vcn_domain_name": null
          },
          "sensitive_attributes": [],
          "identity_schema_version": 0,
          "private": "eyJlMmJmYjczMC1lY2FhLTExZTYtOGY4OC0zNDM2M2JjN2M0YzAiOnsiY3JlYXRlIjoxMjAwMDAwMDAwMDAwLCJkZWxldGUiOjEyMDAwMDAwMDAwMDAsInVwZGF0ZSI6MTIwMDAwMDAwMDAwMH19"
        }
      ]
    }
  ],
  "check_results": null
}
